// !$*UTF8*$!
{
	archiveVersion = 1;
	classes = {
	};
	objectVersion = 46;
	objects = {

/* Begin PBXBuildFile section */
		99F7415014F388DB0091B8C3 /* UIKit.framework in Frameworks */ = {isa = PBXBuildFile; fileRef = 99F7414F14F388DB0091B8C3 /* UIKit.framework */; };
		99F7415214F388DB0091B8C3 /* Foundation.framework in Frameworks */ = {isa = PBXBuildFile; fileRef = 99F7415114F388DB0091B8C3 /* Foundation.framework */; };
		99F7415414F388DB0091B8C3 /* CoreGraphics.framework in Frameworks */ = {isa = PBXBuildFile; fileRef = 99F7415314F388DB0091B8C3 /* CoreGraphics.framework */; };
		99F7415A14F388DB0091B8C3 /* InfoPlist.strings in Resources */ = {isa = PBXBuildFile; fileRef = 99F7415814F388DB0091B8C3 /* InfoPlist.strings */; };
		99F7415C14F388DB0091B8C3 /* main.m in Sources */ = {isa = PBXBuildFile; fileRef = 99F7415B14F388DB0091B8C3 /* main.m */; };
		99F7416014F388DB0091B8C3 /* AppDelegate.m in Sources */ = {isa = PBXBuildFile; fileRef = 99F7415F14F388DB0091B8C3 /* AppDelegate.m */; };
		99F7416314F388DB0091B8C3 /* ViewController.m in Sources */ = {isa = PBXBuildFile; fileRef = 99F7416214F388DB0091B8C3 /* ViewController.m */; };
		99F7416614F388DB0091B8C3 /* ViewController.xib in Resources */ = {isa = PBXBuildFile; fileRef = 99F7416414F388DB0091B8C3 /* ViewController.xib */; };
/* End PBXBuildFile section */

/* Begin PBXFileReference section */
		99F7414B14F388DB0091B8C3 /* UISwitch observing example.app */ = {isa = PBXFileReference; explicitFileType = wrapper.application; includeInIndex = 0; path = "UISwitch observing example.app"; sourceTree = BUILT_PRODUCTS_DIR; };
		99F7414F14F388DB0091B8C3 /* UIKit.framework */ = {isa = PBXFileReference; lastKnownFileType = wrapper.framework; name = UIKit.framework; path = System/Library/Frameworks/UIKit.framework; sourceTree = SDKROOT; };
		99F7415114F388DB0091B8C3 /* Foundation.framework */ = {isa = PBXFileReference; lastKnownFileType = wrapper.framework; name = Foundation.framework; path = System/Library/Frameworks/Foundation.framework; sourceTree = SDKROOT; };
		99F7415314F388DB0091B8C3 /* CoreGraphics.framework */ = {isa = PBXFileReference; lastKnownFileType = wrapper.framework; name = CoreGraphics.framework; path = System/Library/Frameworks/CoreGraphics.framework; sourceTree = SDKROOT; };
		99F7415714F388DB0091B8C3 /* UISwitch observing example-Info.plist */ = {isa = PBXFileReference; lastKnownFileType = text.plist.xml; path = "UISwitch observing example-Info.plist"; sourceTree = "<group>"; };
		99F7415914F388DB0091B8C3 /* en */ = {isa = PBXFileReference; lastKnownFileType = text.plist.strings; name = en; path = en.lproj/InfoPlist.strings; sourceTree = "<group>"; };
		99F7415B14F388DB0091B8C3 /* main.m */ = {isa = PBXFileReference; lastKnownFileType = sourcecode.c.objc; path = main.m; sourceTree = "<group>"; };
		99F7415D14F388DB0091B8C3 /* UISwitch observing example-Prefix.pch */ = {isa = PBXFileReference; lastKnownFileType = sourcecode.c.h; path = "UISwitch observing example-Prefix.pch"; sourceTree = "<group>"; };
		99F7415E14F388DB0091B8C3 /* AppDelegate.h */ = {isa = PBXFileReference; lastKnownFileType = sourcecode.c.h; path = AppDelegate.h; sourceTree = "<group>"; };
		99F7415F14F388DB0091B8C3 /* AppDelegate.m */ = {isa = PBXFileReference; lastKnownFileType = sourcecode.c.objc; path = AppDelegate.m; sourceTree = "<group>"; };
		99F7416114F388DB0091B8C3 /* ViewController.h */ = {isa = PBXFileReference; lastKnownFileType = sourcecode.c.h; path = ViewController.h; sourceTree = "<group>"; };
		99F7416214F388DB0091B8C3 /* ViewController.m */ = {isa = PBXFileReference; lastKnownFileType = sourcecode.c.objc; path = ViewController.m; sourceTree = "<group>"; };
		99F7416514F388DB0091B8C3 /* en */ = {isa = PBXFileReference; lastKnownFileType = file.xib; name = en; path = en.lproj/ViewController.xib; sourceTree = "<group>"; };
/* End PBXFileReference section */

/* Begin PBXFrameworksBuildPhase section */
		99F7414814F388DB0091B8C3 /* Frameworks */ = {
			isa = PBXFrameworksBuildPhase;
			buildActionMask = 2147483647;
			files = (
				99F7415014F388DB0091B8C3 /* UIKit.framework in Frameworks */,
				99F7415214F388DB0091B8C3 /* Foundation.framework in Frameworks */,
				99F7415414F388DB0091B8C3 /* CoreGraphics.framework in Frameworks */,
			);
			runOnlyForDeploymentPostprocessing = 0;
		};
/* End PBXFrameworksBuildPhase section */

/* Begin PBXGroup section */
		99F7414014F388DB0091B8C3 = {
			isa = PBXGroup;
			children = (
				99F7415514F388DB0091B8C3 /* UISwitch observing example */,
				99F7414E14F388DB0091B8C3 /* Frameworks */,
				99F7414C14F388DB0091B8C3 /* Products */,
			);
			sourceTree = "<group>";
		};
		99F7414C14F388DB0091B8C3 /* Products */ = {
			isa = PBXGroup;
			children = (
				99F7414B14F388DB0091B8C3 /* UISwitch observing example.app */,
			);
			name = Products;
			sourceTree = "<group>";
		};
		99F7414E14F388DB0091B8C3 /* Frameworks */ = {
			isa = PBXGroup;
			children = (
				99F7414F14F388DB0091B8C3 /* UIKit.framework */,
				99F7415114F388DB0091B8C3 /* Foundation.framework */,
				99F7415314F388DB0091B8C3 /* CoreGraphics.framework */,
			);
			name = Frameworks;
			sourceTree = "<group>";
		};
		99F7415514F388DB0091B8C3 /* UISwitch observing example */ = {
			isa = PBXGroup;
			children = (
				99F7415E14F388DB0091B8C3 /* AppDelegate.h */,
				99F7415F14F388DB0091B8C3 /* AppDelegate.m */,
				99F7416114F388DB0091B8C3 /* ViewController.h */,
				99F7416214F388DB0091B8C3 /* ViewController.m */,
				99F7416414F388DB0091B8C3 /* ViewController.xib */,
				99F7415614F388DB0091B8C3 /* Supporting Files */,
			);
			path = "UISwitch observing example";
			sourceTree = "<group>";
		};
		99F7415614F388DB0091B8C3 /* Supporting Files */ = {
			isa = PBXGroup;
			children = (
				99F7415714F388DB0091B8C3 /* UISwitch observing example-Info.plist */,
				99F7415814F388DB0091B8C3 /* InfoPlist.strings */,
				99F7415B14F388DB0091B8C3 /* main.m */,
				99F7415D14F388DB0091B8C3 /* UISwitch observing example-Prefix.pch */,
			);
			name = "Supporting Files";
			sourceTree = "<group>";
		};
/* End PBXGroup section */

/* Begin PBXNativeTarget section */
		99F7414A14F388DB0091B8C3 /* UISwitch observing example */ = {
			isa = PBXNativeTarget;
			buildConfigurationList = 99F7416914F388DB0091B8C3 /* Build configuration list for PBXNativeTarget "UISwitch observing example" */;
			buildPhases = (
				99F7414714F388DB0091B8C3 /* Sources */,
				99F7414814F388DB0091B8C3 /* Frameworks */,
				99F7414914F388DB0091B8C3 /* Resources */,
			);
			buildRules = (
			);
			dependencies = (
			);
			name = "UISwitch observing example";
			productName = "UISwitch observing example";
			productReference = 99F7414B14F388DB0091B8C3 /* UISwitch observing example.app */;
			productType = "com.apple.product-type.application";
		};
/* End PBXNativeTarget section */

/* Begin PBXProject section */
		99F7414214F388DB0091B8C3 /* Project object */ = {
			isa = PBXProject;
			attributes = {
				LastUpgradeCheck = 0420;
			};
			buildConfigurationList = 99F7414514F388DB0091B8C3 /* Build configuration list for PBXProject "UISwitch observing example" */;
			compatibilityVersion = "Xcode 3.2";
			developmentRegion = English;
			hasScannedForEncodings = 0;
			knownRegions = (
				en,
			);
			mainGroup = 99F7414014F388DB0091B8C3;
			productRefGroup = 99F7414C14F388DB0091B8C3 /* Products */;
			projectDirPath = "";
			projectRoot = "";
			targets = (
				99F7414A14F388DB0091B8C3 /* UISwitch observing example */,
			);
		};
/* End PBXProject section */

/* Begin PBXResourcesBuildPhase section */
		99F7414914F388DB0091B8C3 /* Resources */ = {
			isa = PBXResourcesBuildPhase;
			buildActionMask = 2147483647;
			files = (
				99F7415A14F388DB0091B8C3 /* InfoPlist.strings in Resources */,
				99F7416614F388DB0091B8C3 /* ViewController.xib in Resources */,
			);
			runOnlyForDeploymentPostprocessing = 0;
		};
/* End PBXResourcesBuildPhase section */

/* Begin PBXSourcesBuildPhase section */
		99F7414714F388DB0091B8C3 /* Sources */ = {
			isa = PBXSourcesBuildPhase;
			buildActionMask = 2147483647;
			files = (
				99F7415C14F388DB0091B8C3 /* main.m in Sources */,
				99F7416014F388DB0091B8C3 /* AppDelegate.m in Sources */,
				99F7416314F388DB0091B8C3 /* ViewController.m in Sources */,
			);
			runOnlyForDeploymentPostprocessing = 0;
		};
/* End PBXSourcesBuildPhase section */

/* Begin PBXVariantGroup section */
		99F7415814F388DB0091B8C3 /* InfoPlist.strings */ = {
			isa = PBXVariantGroup;
			children = (
				99F7415914F388DB0091B8C3 /* en */,
			);
			name = InfoPlist.strings;
			sourceTree = "<group>";
		};
		99F7416414F388DB0091B8C3 /* ViewController.xib */ = {
			isa = PBXVariantGroup;
			children = (
				99F7416514F388DB0091B8C3 /* en */,
			);
			name = ViewController.xib;
			sourceTree = "<group>";
		};
/* End PBXVariantGroup section */

/* Begin XCBuildConfiguration section */
		99F7416714F388DB0091B8C3 /* Debug */ = {
			isa = XCBuildConfiguration;
			buildSettings = {
				ALWAYS_SEARCH_USER_PATHS = NO;
				ARCHS = "$(ARCHS_STANDARD_32_BIT)";
				CLANG_ENABLE_OBJC_ARC = YES;
				"CODE_SIGN_IDENTITY[sdk=iphoneos*]" = "iPhone Developer";
				COPY_PHASE_STRIP = NO;
				GCC_C_LANGUAGE_STANDARD = gnu99;
				GCC_DYNAMIC_NO_PIC = NO;
				GCC_OPTIMIZATION_LEVEL = 0;
				GCC_PREPROCESSOR_DEFINITIONS = (
					"DEBUG=1",
					"$(inherited)",
				);
				GCC_SYMBOLS_PRIVATE_EXTERN = NO;
				GCC_VERSION = com.apple.compilers.llvm.clang.1_0;
				GCC_WARN_ABOUT_MISSING_PROTOTYPES = YES;
				GCC_WARN_ABOUT_RETURN_TYPE = YES;
				GCC_WARN_UNUSED_VARIABLE = YES;
				IPHONEOS_DEPLOYMENT_TARGET = 5.0;
				SDKROOT = iphoneos;
			};
			name = Debug;
		};
		99F7416814F388DB0091B8C3 /* Release */ = {
			isa = XCBuildConfiguration;
			buildSettings = {
				ALWAYS_SEARCH_USER_PATHS = NO;
				ARCHS = "$(ARCHS_STANDARD_32_BIT)";
				CLANG_ENABLE_OBJC_ARC = YES;
				"CODE_SIGN_IDENTITY[sdk=iphoneos*]" = "iPhone Developer";
				COPY_PHASE_STRIP = YES;
				GCC_C_LANGUAGE_STANDARD = gnu99;
				GCC_VERSION = com.apple.compilers.llvm.clang.1_0;
				GCC_WARN_ABOUT_MISSING_PROTOTYPES = YES;
				GCC_WARN_ABOUT_RETURN_TYPE = YES;
				GCC_WARN_UNUSED_VARIABLE = YES;
				IPHONEOS_DEPLOYMENT_TARGET = 5.0;
				OTHER_CFLAGS = "-DNS_BLOCK_ASSERTIONS=1";
				SDKROOT = iphoneos;
				VALIDATE_PRODUCT = YES;
			};
			name = Release;
		};
		99F7416A14F388DB0091B8C3 /* Debug */ = {
			isa = XCBuildConfiguration;
			buildSettings = {
				GCC_PRECOMPILE_PREFIX_HEADER = YES;
				GCC_PREFIX_HEADER = "UISwitch observing example/UISwitch observing example-Prefix.pch";
				INFOPLIST_FILE = "UISwitch observing example/UISwitch observing example-Info.plist";
				PRODUCT_NAME = "$(TARGET_NAME)";
				WRAPPER_EXTENSION = app;
			};
			name = Debug;
		};
		99F7416B14F388DB0091B8C3 /* Release */ = {
			isa = XCBuildConfiguration;
			buildSettings = {
				GCC_PRECOMPILE_PREFIX_HEADER = YES;
				GCC_PREFIX_HEADER = "UISwitch observing example/UISwitch observing example-Prefix.pch";
				INFOPLIST_FILE = "UISwitch observing example/UISwitch observing example-Info.plist";
				PRODUCT_NAME = "$(TARGET_NAME)";
				WRAPPER_EXTENSION = app;
			};
			name = Release;
		};
/* End XCBuildConfiguration section */

/* Begin XCConfigurationList section */
		99F7414514F388DB0091B8C3 /* Build configuration list for PBXProject "UISwitch observing example" */ = {
			isa = XCConfigurationList;
			buildConfigurations = (
				99F7416714F388DB0091B8C3 /* Debug */,
				99F7416814F388DB0091B8C3 /* Release */,
			);
			defaultConfigurationIsVisible = 0;
			defaultConfigurationName = Release;
		};
		99F7416914F388DB0091B8C3 /* Build configuration list for PBXNativeTarget "UISwitch observing example" */ = {
			isa = XCConfigurationList;
			buildConfigurations = (
				99F7416A14F388DB0091B8C3 /* Debug */,
				99F7416B14F388DB0091B8C3 /* Release */,
			);
			defaultConfigurationIsVisible = 0;
		};
/* End XCConfigurationList section */
	};
	rootObject = 99F7414214F388DB0091B8C3 /* Project object */;
}
